
Microsoft Visual Studio Solution File, Format Version 12.00
# Visual Studio Version 16
VisualStudioVersion = 16.0.28803.352
MinimumVisualStudioVersion = 10.0.40219.1
Project("{FAE04EC0-301F-11D3-BF4B-00C04F79EFBC}") = "GameChangeScraper", "GameChangeScraper\GameChangeScraper.csproj", "{49E3A8A9-0F1A-4B13-A291-65901833A444}"
EndProject
Global
	GlobalSection(SolutionConfigurationPlatforms) = preSolution
		Debug|Any CPU = Debug|Any CPU
		Release|Any CPU = Release|Any CPU
	EndGlobalSection
	GlobalSection(ProjectConfigurationPlatforms) = postSolution
		{49E3A8A9-0F1A-4B13-A291-65901833A444}.Debug|Any CPU.ActiveCfg = Debug|Any CPU
		{49E3A8A9-0F1A-4B13-A291-65901833A444}.Debug|Any CPU.Build.0 = Debug|Any CPU
		{49E3A8A9-0F1A-4B13-A291-65901833A444}.Release|Any CPU.ActiveCfg = Release|Any CPU
		{49E3A8A9-0F1A-4B13-A291-65901833A444}.Release|Any CPU.Build.0 = Release|Any CPU
	EndGlobalSection
	GlobalSection(SolutionProperties) = preSolution
		HideSolutionNode = FALSE
	EndGlobalSection
	GlobalSection(ExtensibilityGlobals) = postSolution
		SolutionGuid = {2621A811-0CA1-44AF-A0A4-7770E19298E5}
	EndGlobalSection
EndGlobal
